
Microsoft Visual Studio Solution File, Format Version 11.00
# Visual Studio 2010
Project("{FAE04EC0-301F-11D3-BF4B-00C04F79EFBC}") = "HierarchyDataTest", "HierarchyDataTest\HierarchyDataTest.csproj", "{9F26E438-5F2A-4E13-A8BD-41F35E5831AD}"
	ProjectSection(ProjectDependencies) = postProject
		{821E7344-9E0A-43C7-85C8-FB05E75924C0} = {821E7344-9E0A-43C7-85C8-FB05E75924C0}
	EndProjectSection
EndProject
Project("{FAE04EC0-301F-11D3-BF4B-00C04F79EFBC}") = "HierarchyDataTest.Web", "HierarchyDataTest.Web\HierarchyDataTest.Web.csproj", "{821E7344-9E0A-43C7-85C8-FB05E75924C0}"
EndProject
Global
	GlobalSection(SolutionConfigurationPlatforms) = preSolution
		Debug|Any CPU = Debug|Any CPU
		Release|Any CPU = Release|Any CPU
	EndGlobalSection
	GlobalSection(ProjectConfigurationPlatforms) = postSolution
		{9F26E438-5F2A-4E13-A8BD-41F35E5831AD}.Debug|Any CPU.ActiveCfg = Debug|Any CPU
		{9F26E438-5F2A-4E13-A8BD-41F35E5831AD}.Debug|Any CPU.Build.0 = Debug|Any CPU
		{9F26E438-5F2A-4E13-A8BD-41F35E5831AD}.Release|Any CPU.ActiveCfg = Release|Any CPU
		{9F26E438-5F2A-4E13-A8BD-41F35E5831AD}.Release|Any CPU.Build.0 = Release|Any CPU
		{821E7344-9E0A-43C7-85C8-FB05E75924C0}.Debug|Any CPU.ActiveCfg = Debug|Any CPU
		{821E7344-9E0A-43C7-85C8-FB05E75924C0}.Debug|Any CPU.Build.0 = Debug|Any CPU
		{821E7344-9E0A-43C7-85C8-FB05E75924C0}.Release|Any CPU.ActiveCfg = Release|Any CPU
		{821E7344-9E0A-43C7-85C8-FB05E75924C0}.Release|Any CPU.Build.0 = Release|Any CPU
	EndGlobalSection
	GlobalSection(SolutionProperties) = preSolution
		HideSolutionNode = FALSE
	EndGlobalSection
EndGlobal
